
Microsoft Visual Studio Solution File, Format Version 12.00
# Visual Studio Version 17
VisualStudioVersion = 17.11.35222.181
MinimumVisualStudioVersion = 10.0.40219.1
Project("{FAE04EC0-301F-11D3-BF4B-00C04F79EFBC}") = "ejercicioconjuntos", "ejercicioconjuntos\ejercicioconjuntos.csproj", "{78C170B5-8018-4F9F-B8E0-47E05D3CD566}"
EndProject
Project("{FAE04EC0-301F-11D3-BF4B-00C04F79EFBC}") = "Logica", "Logica\Logica.csproj", "{174F0B07-0F8B-4572-8071-6C18EDB992EE}"
EndProject
Project("{FAE04EC0-301F-11D3-BF4B-00C04F79EFBC}") = "Persistencia", "Persistencia\Persistencia.csproj", "{5A91B6F3-677E-43CA-905A-B9FD240486C4}"
EndProject
Project("{FAE04EC0-301F-11D3-BF4B-00C04F79EFBC}") = "Entidades", "Persona\Entidades.csproj", "{50977DFC-2F4B-4DA7-947C-9664BE1DECFB}"
EndProject
Global
	GlobalSection(SolutionConfigurationPlatforms) = preSolution
		Debug|Any CPU = Debug|Any CPU
		Release|Any CPU = Release|Any CPU
	EndGlobalSection
	GlobalSection(ProjectConfigurationPlatforms) = postSolution
		{78C170B5-8018-4F9F-B8E0-47E05D3CD566}.Debug|Any CPU.ActiveCfg = Debug|Any CPU
		{78C170B5-8018-4F9F-B8E0-47E05D3CD566}.Debug|Any CPU.Build.0 = Debug|Any CPU
		{78C170B5-8018-4F9F-B8E0-47E05D3CD566}.Release|Any CPU.ActiveCfg = Release|Any CPU
		{78C170B5-8018-4F9F-B8E0-47E05D3CD566}.Release|Any CPU.Build.0 = Release|Any CPU
		{174F0B07-0F8B-4572-8071-6C18EDB992EE}.Debug|Any CPU.ActiveCfg = Debug|Any CPU
		{174F0B07-0F8B-4572-8071-6C18EDB992EE}.Debug|Any CPU.Build.0 = Debug|Any CPU
		{174F0B07-0F8B-4572-8071-6C18EDB992EE}.Release|Any CPU.ActiveCfg = Release|Any CPU
		{174F0B07-0F8B-4572-8071-6C18EDB992EE}.Release|Any CPU.Build.0 = Release|Any CPU
		{5A91B6F3-677E-43CA-905A-B9FD240486C4}.Debug|Any CPU.ActiveCfg = Debug|Any CPU
		{5A91B6F3-677E-43CA-905A-B9FD240486C4}.Debug|Any CPU.Build.0 = Debug|Any CPU
		{5A91B6F3-677E-43CA-905A-B9FD240486C4}.Release|Any CPU.ActiveCfg = Release|Any CPU
		{5A91B6F3-677E-43CA-905A-B9FD240486C4}.Release|Any CPU.Build.0 = Release|Any CPU
		{50977DFC-2F4B-4DA7-947C-9664BE1DECFB}.Debug|Any CPU.ActiveCfg = Debug|Any CPU
		{50977DFC-2F4B-4DA7-947C-9664BE1DECFB}.Debug|Any CPU.Build.0 = Debug|Any CPU
		{50977DFC-2F4B-4DA7-947C-9664BE1DECFB}.Release|Any CPU.ActiveCfg = Release|Any CPU
		{50977DFC-2F4B-4DA7-947C-9664BE1DECFB}.Release|Any CPU.Build.0 = Release|Any CPU
	EndGlobalSection
	GlobalSection(SolutionProperties) = preSolution
		HideSolutionNode = FALSE
	EndGlobalSection
	GlobalSection(ExtensibilityGlobals) = postSolution
		SolutionGuid = {FA267AF7-4B28-4F0A-A219-CD9A66F368F9}
	EndGlobalSection
EndGlobal
